// !$*UTF8*$!
{
	archiveVersion = 1;
	classes = {
	};
	objectVersion = 48;
	objects = {

/* Begin PBXBuildFile section */
		D70D999D1FE8086700A8106C /* AppDelegate.swift in Sources */ = {isa = PBXBuildFile; fileRef = D70D999C1FE8086700A8106C /* AppDelegate.swift */; };
		D70D999F1FE8086700A8106C /* ViewController.swift in Sources */ = {isa = PBXBuildFile; fileRef = D70D999E1FE8086700A8106C /* ViewController.swift */; };
		D70D99A21FE8086700A8106C /* Main.storyboard in Resources */ = {isa = PBXBuildFile; fileRef = D70D99A01FE8086700A8106C /* Main.storyboard */; };
		D70D99A41FE8086700A8106C /* Assets.xcassets in Resources */ = {isa = PBXBuildFile; fileRef = D70D99A31FE8086700A8106C /* Assets.xcassets */; };
		D70D99A71FE8086700A8106C /* LaunchScreen.storyboard in Resources */ = {isa = PBXBuildFile; fileRef = D70D99A51FE8086700A8106C /* LaunchScreen.storyboard */; };
		D72DCC551FE974BE001C6AD3 /* ChildrensViewController.swift in Sources */ = {isa = PBXBuildFile; fileRef = D72DCC541FE974BE001C6AD3 /* ChildrensViewController.swift */; };
		D72DCC571FE97E80001C6AD3 /* Children.swift in Sources */ = {isa = PBXBuildFile; fileRef = D72DCC561FE97E80001C6AD3 /* Children.swift */; };
		D737ACAD1FE9123C00722E6E /* CalendarViewController.swift in Sources */ = {isa = PBXBuildFile; fileRef = D737ACAC1FE9123C00722E6E /* CalendarViewController.swift */; };
		D73FEE4F1FEACF68002E7DE0 /* MainNavigationViewController.swift in Sources */ = {isa = PBXBuildFile; fileRef = D73FEE4E1FEACF68002E7DE0 /* MainNavigationViewController.swift */; };
		D740C0641FEAF059004B3C86 /* MapKit.framework in Frameworks */ = {isa = PBXBuildFile; fileRef = D740C0631FEAF059004B3C86 /* MapKit.framework */; };
		D7672ADE1FE8368D003B6FD8 /* GoogleService-Info.plist in Resources */ = {isa = PBXBuildFile; fileRef = D7672ADD1FE8368C003B6FD8 /* GoogleService-Info.plist */; };
		D7672AE01FE85712003B6FD8 /* RegisterViewController.swift in Sources */ = {isa = PBXBuildFile; fileRef = D7672ADF1FE85712003B6FD8 /* RegisterViewController.swift */; };
		D7672AE21FE85C0C003B6FD8 /* HomeViewController.swift in Sources */ = {isa = PBXBuildFile; fileRef = D7672AE11FE85C0C003B6FD8 /* HomeViewController.swift */; };
		D79487AD1FEC4E89005214E9 /* BackgroundGradient.swift in Sources */ = {isa = PBXBuildFile; fileRef = D79487AC1FEC4E89005214E9 /* BackgroundGradient.swift */; };
		D79487AF1FEC5191005214E9 /* TextFieldCustom.swift in Sources */ = {isa = PBXBuildFile; fileRef = D79487AE1FEC5191005214E9 /* TextFieldCustom.swift */; };
		D79487B11FEC5E00005214E9 /* Button.swift in Sources */ = {isa = PBXBuildFile; fileRef = D79487B01FEC5E00005214E9 /* Button.swift */; };
		D79487B31FEC5F4F005214E9 /* Color.swift in Sources */ = {isa = PBXBuildFile; fileRef = D79487B21FEC5F4F005214E9 /* Color.swift */; };
		D7B3AA811FEAA39A00E36CCD /* ConfirmationViewController.swift in Sources */ = {isa = PBXBuildFile; fileRef = D7B3AA801FEAA39A00E36CCD /* ConfirmationViewController.swift */; };
		FAFE092CF9118CADE57EA7C4 /* Pods_captain_kids.framework in Frameworks */ = {isa = PBXBuildFile; fileRef = 0E56AA2FA94EDFD3BB250546 /* Pods_captain_kids.framework */; };
/* End PBXBuildFile section */

/* Begin PBXFileReference section */
		0E56AA2FA94EDFD3BB250546 /* Pods_captain_kids.framework */ = {isa = PBXFileReference; explicitFileType = wrapper.framework; includeInIndex = 0; path = Pods_captain_kids.framework; sourceTree = BUILT_PRODUCTS_DIR; };
		1677BEA51ADF5B3097CC6877 /* Pods-captain kids.debug.xcconfig */ = {isa = PBXFileReference; includeInIndex = 1; lastKnownFileType = text.xcconfig; name = "Pods-captain kids.debug.xcconfig"; path = "Pods/Target Support Files/Pods-captain kids/Pods-captain kids.debug.xcconfig"; sourceTree = "<group>"; };
		CB55536F98855C33F3E41D18 /* Pods-captain kids.release.xcconfig */ = {isa = PBXFileReference; includeInIndex = 1; lastKnownFileType = text.xcconfig; name = "Pods-captain kids.release.xcconfig"; path = "Pods/Target Support Files/Pods-captain kids/Pods-captain kids.release.xcconfig"; sourceTree = "<group>"; };
		D70D99991FE8086700A8106C /* captain kids.app */ = {isa = PBXFileReference; explicitFileType = wrapper.application; includeInIndex = 0; path = "captain kids.app"; sourceTree = BUILT_PRODUCTS_DIR; };
		D70D999C1FE8086700A8106C /* AppDelegate.swift */ = {isa = PBXFileReference; lastKnownFileType = sourcecode.swift; path = AppDelegate.swift; sourceTree = "<group>"; };
		D70D999E1FE8086700A8106C /* ViewController.swift */ = {isa = PBXFileReference; lastKnownFileType = sourcecode.swift; path = ViewController.swift; sourceTree = "<group>"; };
		D70D99A11FE8086700A8106C /* Base */ = {isa = PBXFileReference; lastKnownFileType = file.storyboard; name = Base; path = Base.lproj/Main.storyboard; sourceTree = "<group>"; };
		D70D99A31FE8086700A8106C /* Assets.xcassets */ = {isa = PBXFileReference; lastKnownFileType = folder.assetcatalog; path = Assets.xcassets; sourceTree = "<group>"; };
		D70D99A61FE8086700A8106C /* Base */ = {isa = PBXFileReference; lastKnownFileType = file.storyboard; name = Base; path = Base.lproj/LaunchScreen.storyboard; sourceTree = "<group>"; };
		D70D99A81FE8086700A8106C /* Info.plist */ = {isa = PBXFileReference; lastKnownFileType = text.plist.xml; path = Info.plist; sourceTree = "<group>"; };
		D72DCC541FE974BE001C6AD3 /* ChildrensViewController.swift */ = {isa = PBXFileReference; lastKnownFileType = sourcecode.swift; path = ChildrensViewController.swift; sourceTree = "<group>"; };
		D72DCC561FE97E80001C6AD3 /* Children.swift */ = {isa = PBXFileReference; lastKnownFileType = sourcecode.swift; path = Children.swift; sourceTree = "<group>"; };
		D737ACAC1FE9123C00722E6E /* CalendarViewController.swift */ = {isa = PBXFileReference; lastKnownFileType = sourcecode.swift; path = CalendarViewController.swift; sourceTree = "<group>"; };
		D73FEE4E1FEACF68002E7DE0 /* MainNavigationViewController.swift */ = {isa = PBXFileReference; lastKnownFileType = sourcecode.swift; path = MainNavigationViewController.swift; sourceTree = "<group>"; };
		D740C0631FEAF059004B3C86 /* MapKit.framework */ = {isa = PBXFileReference; lastKnownFileType = wrapper.framework; name = MapKit.framework; path = System/Library/Frameworks/MapKit.framework; sourceTree = SDKROOT; };
		D7672ADD1FE8368C003B6FD8 /* GoogleService-Info.plist */ = {isa = PBXFileReference; fileEncoding = 4; lastKnownFileType = text.plist.xml; name = "GoogleService-Info.plist"; path = "../../../../Desktop/GoogleService-Info.plist"; sourceTree = "<group>"; };
		D7672ADF1FE85712003B6FD8 /* RegisterViewController.swift */ = {isa = PBXFileReference; lastKnownFileType = sourcecode.swift; path = RegisterViewController.swift; sourceTree = "<group>"; };
		D7672AE11FE85C0C003B6FD8 /* HomeViewController.swift */ = {isa = PBXFileReference; lastKnownFileType = sourcecode.swift; path = HomeViewController.swift; sourceTree = "<group>"; };
		D79487AC1FEC4E89005214E9 /* BackgroundGradient.swift */ = {isa = PBXFileReference; lastKnownFileType = sourcecode.swift; path = BackgroundGradient.swift; sourceTree = "<group>"; };
		D79487AE1FEC5191005214E9 /* TextFieldCustom.swift */ = {isa = PBXFileReference; lastKnownFileType = sourcecode.swift; path = TextFieldCustom.swift; sourceTree = "<group>"; };
		D79487B01FEC5E00005214E9 /* Button.swift */ = {isa = PBXFileReference; lastKnownFileType = sourcecode.swift; path = Button.swift; sourceTree = "<group>"; };
		D79487B21FEC5F4F005214E9 /* Color.swift */ = {isa = PBXFileReference; lastKnownFileType = sourcecode.swift; path = Color.swift; sourceTree = "<group>"; };
		D7B3AA801FEAA39A00E36CCD /* ConfirmationViewController.swift */ = {isa = PBXFileReference; lastKnownFileType = sourcecode.swift; path = ConfirmationViewController.swift; sourceTree = "<group>"; };
/* End PBXFileReference section */

/* Begin PBXFrameworksBuildPhase section */
		D70D99961FE8086700A8106C /* Frameworks */ = {
			isa = PBXFrameworksBuildPhase;
			buildActionMask = 2147483647;
			files = (
				D740C0641FEAF059004B3C86 /* MapKit.framework in Frameworks */,
				FAFE092CF9118CADE57EA7C4 /* Pods_captain_kids.framework in Frameworks */,
			);
			runOnlyForDeploymentPostprocessing = 0;
		};
/* End PBXFrameworksBuildPhase section */

/* Begin PBXGroup section */
		0AD93152E5A311D19BC5BFA3 /* Pods */ = {
			isa = PBXGroup;
			children = (
				1677BEA51ADF5B3097CC6877 /* Pods-captain kids.debug.xcconfig */,
				CB55536F98855C33F3E41D18 /* Pods-captain kids.release.xcconfig */,
			);
			name = Pods;
			sourceTree = "<group>";
		};
		2EF10996A7EA7202FA55B34C /* Frameworks */ = {
			isa = PBXGroup;
			children = (
				D740C0631FEAF059004B3C86 /* MapKit.framework */,
				0E56AA2FA94EDFD3BB250546 /* Pods_captain_kids.framework */,
			);
			name = Frameworks;
			sourceTree = "<group>";
		};
		D70D99901FE8086700A8106C = {
			isa = PBXGroup;
			children = (
				D79487AB1FEC4E78005214E9 /* Helpers */,
				D79487A71FEC4CF9005214E9 /* Models */,
				D79487A61FEC4CDD005214E9 /* Controllers */,
				D70D999B1FE8086700A8106C /* captain kids */,
				D70D999A1FE8086700A8106C /* Products */,
				0AD93152E5A311D19BC5BFA3 /* Pods */,
				2EF10996A7EA7202FA55B34C /* Frameworks */,
			);
			sourceTree = "<group>";
		};
		D70D999A1FE8086700A8106C /* Products */ = {
			isa = PBXGroup;
			children = (
				D70D99991FE8086700A8106C /* captain kids.app */,
			);
			name = Products;
			sourceTree = "<group>";
		};
		D70D999B1FE8086700A8106C /* captain kids */ = {
			isa = PBXGroup;
			children = (
				D7672ADD1FE8368C003B6FD8 /* GoogleService-Info.plist */,
				D70D999C1FE8086700A8106C /* AppDelegate.swift */,
				D70D99A01FE8086700A8106C /* Main.storyboard */,
				D70D99A31FE8086700A8106C /* Assets.xcassets */,
				D70D99A51FE8086700A8106C /* LaunchScreen.storyboard */,
				D70D99A81FE8086700A8106C /* Info.plist */,
			);
			path = "captain kids";
			sourceTree = "<group>";
		};
		D79487A61FEC4CDD005214E9 /* Controllers */ = {
			isa = PBXGroup;
			children = (
				D7672ADF1FE85712003B6FD8 /* RegisterViewController.swift */,
				D7672AE11FE85C0C003B6FD8 /* HomeViewController.swift */,
				D737ACAC1FE9123C00722E6E /* CalendarViewController.swift */,
				D72DCC541FE974BE001C6AD3 /* ChildrensViewController.swift */,
				D7B3AA801FEAA39A00E36CCD /* ConfirmationViewController.swift */,
				D73FEE4E1FEACF68002E7DE0 /* MainNavigationViewController.swift */,
				D70D999E1FE8086700A8106C /* ViewController.swift */,
			);
			name = Controllers;
			sourceTree = "<group>";
		};
		D79487A71FEC4CF9005214E9 /* Models */ = {
			isa = PBXGroup;
			children = (
				D72DCC561FE97E80001C6AD3 /* Children.swift */,
			);
			name = Models;
			sourceTree = "<group>";
		};
		D79487AB1FEC4E78005214E9 /* Helpers */ = {
			isa = PBXGroup;
			children = (
				D79487AC1FEC4E89005214E9 /* BackgroundGradient.swift */,
				D79487AE1FEC5191005214E9 /* TextFieldCustom.swift */,
				D79487B01FEC5E00005214E9 /* Button.swift */,
				D79487B21FEC5F4F005214E9 /* Color.swift */,
			);
			name = Helpers;
			sourceTree = "<group>";
		};
/* End PBXGroup section */

/* Begin PBXNativeTarget section */
		D70D99981FE8086700A8106C /* captain kids */ = {
			isa = PBXNativeTarget;
			buildConfigurationList = D70D99AB1FE8086700A8106C /* Build configuration list for PBXNativeTarget "captain kids" */;
			buildPhases = (
				9D2CD498686DEB8E52842CC2 /* [CP] Check Pods Manifest.lock */,
				D70D99951FE8086700A8106C /* Sources */,
				D70D99961FE8086700A8106C /* Frameworks */,
				D70D99971FE8086700A8106C /* Resources */,
				CFF41C5ED76C6068ECBE7CB1 /* [CP] Embed Pods Frameworks */,
				9B0EC5B1D41ED5624236B80B /* [CP] Copy Pods Resources */,
			);
			buildRules = (
			);
			dependencies = (
			);
			name = "captain kids";
			productName = "captain kids";
			productReference = D70D99991FE8086700A8106C /* captain kids.app */;
			productType = "com.apple.product-type.application";
		};
/* End PBXNativeTarget section */

/* Begin PBXProject section */
		D70D99911FE8086700A8106C /* Project object */ = {
			isa = PBXProject;
			attributes = {
				LastSwiftUpdateCheck = 0900;
				LastUpgradeCheck = 0900;
				ORGANIZATIONNAME = Hetic;
				TargetAttributes = {
					D70D99981FE8086700A8106C = {
						CreatedOnToolsVersion = 9.0;
						ProvisioningStyle = Automatic;
						SystemCapabilities = {
							com.apple.Maps.iOS = {
								enabled = 1;
							};
						};
					};
				};
			};
			buildConfigurationList = D70D99941FE8086700A8106C /* Build configuration list for PBXProject "captain kids" */;
			compatibilityVersion = "Xcode 8.0";
			developmentRegion = en;
			hasScannedForEncodings = 0;
			knownRegions = (
				en,
				Base,
			);
			mainGroup = D70D99901FE8086700A8106C;
			productRefGroup = D70D999A1FE8086700A8106C /* Products */;
			projectDirPath = "";
			projectRoot = "";
			targets = (
				D70D99981FE8086700A8106C /* captain kids */,
			);
		};
/* End PBXProject section */

/* Begin PBXResourcesBuildPhase section */
		D70D99971FE8086700A8106C /* Resources */ = {
			isa = PBXResourcesBuildPhase;
			buildActionMask = 2147483647;
			files = (
				D70D99A71FE8086700A8106C /* LaunchScreen.storyboard in Resources */,
				D7672ADE1FE8368D003B6FD8 /* GoogleService-Info.plist in Resources */,
				D70D99A41FE8086700A8106C /* Assets.xcassets in Resources */,
				D70D99A21FE8086700A8106C /* Main.storyboard in Resources */,
			);
			runOnlyForDeploymentPostprocessing = 0;
		};
/* End PBXResourcesBuildPhase section */

/* Begin PBXShellScriptBuildPhase section */
		9B0EC5B1D41ED5624236B80B /* [CP] Copy Pods Resources */ = {
			isa = PBXShellScriptBuildPhase;
			buildActionMask = 2147483647;
			files = (
			);
			inputPaths = (
			);
			name = "[CP] Copy Pods Resources";
			outputPaths = (
			);
			runOnlyForDeploymentPostprocessing = 0;
			shellPath = /bin/sh;
			shellScript = "\"${SRCROOT}/Pods/Target Support Files/Pods-captain kids/Pods-captain kids-resources.sh\"\n";
			showEnvVarsInLog = 0;
		};
		9D2CD498686DEB8E52842CC2 /* [CP] Check Pods Manifest.lock */ = {
			isa = PBXShellScriptBuildPhase;
			buildActionMask = 2147483647;
			files = (
			);
			inputPaths = (
			);
			name = "[CP] Check Pods Manifest.lock";
			outputPaths = (
			);
			runOnlyForDeploymentPostprocessing = 0;
			shellPath = /bin/sh;
			shellScript = "diff \"${PODS_PODFILE_DIR_PATH}/Podfile.lock\" \"${PODS_ROOT}/Manifest.lock\" > /dev/null\nif [ $? != 0 ] ; then\n    # print error to STDERR\n    echo \"error: The sandbox is not in sync with the Podfile.lock. Run 'pod install' or update your CocoaPods installation.\" >&2\n    exit 1\nfi\n";
			showEnvVarsInLog = 0;
		};
		CFF41C5ED76C6068ECBE7CB1 /* [CP] Embed Pods Frameworks */ = {
			isa = PBXShellScriptBuildPhase;
			buildActionMask = 2147483647;
			files = (
			);
			inputPaths = (
			);
			name = "[CP] Embed Pods Frameworks";
			outputPaths = (
			);
			runOnlyForDeploymentPostprocessing = 0;
			shellPath = /bin/sh;
			shellScript = "\"${SRCROOT}/Pods/Target Support Files/Pods-captain kids/Pods-captain kids-frameworks.sh\"\n";
			showEnvVarsInLog = 0;
		};
/* End PBXShellScriptBuildPhase section */

/* Begin PBXSourcesBuildPhase section */
		D70D99951FE8086700A8106C /* Sources */ = {
			isa = PBXSourcesBuildPhase;
			buildActionMask = 2147483647;
			files = (
				D72DCC571FE97E80001C6AD3 /* Children.swift in Sources */,
				D79487AF1FEC5191005214E9 /* TextFieldCustom.swift in Sources */,
				D73FEE4F1FEACF68002E7DE0 /* MainNavigationViewController.swift in Sources */,
				D737ACAD1FE9123C00722E6E /* CalendarViewController.swift in Sources */,
				D7672AE01FE85712003B6FD8 /* RegisterViewController.swift in Sources */,
				D70D999F1FE8086700A8106C /* ViewController.swift in Sources */,
				D70D999D1FE8086700A8106C /* AppDelegate.swift in Sources */,
				D79487B11FEC5E00005214E9 /* Button.swift in Sources */,
				D79487B31FEC5F4F005214E9 /* Color.swift in Sources */,
				D7672AE21FE85C0C003B6FD8 /* HomeViewController.swift in Sources */,
				D7B3AA811FEAA39A00E36CCD /* ConfirmationViewController.swift in Sources */,
				D72DCC551FE974BE001C6AD3 /* ChildrensViewController.swift in Sources */,
				D79487AD1FEC4E89005214E9 /* BackgroundGradient.swift in Sources */,
			);
			runOnlyForDeploymentPostprocessing = 0;
		};
/* End PBXSourcesBuildPhase section */

/* Begin PBXVariantGroup section */
		D70D99A01FE8086700A8106C /* Main.storyboard */ = {
			isa = PBXVariantGroup;
			children = (
				D70D99A11FE8086700A8106C /* Base */,
			);
			name = Main.storyboard;
			sourceTree = "<group>";
		};
		D70D99A51FE8086700A8106C /* LaunchScreen.storyboard */ = {
			isa = PBXVariantGroup;
			children = (
				D70D99A61FE8086700A8106C /* Base */,
			);
			name = LaunchScreen.storyboard;
			sourceTree = "<group>";
		};
/* End PBXVariantGroup section */

/* Begin XCBuildConfiguration section */
		D70D99A91FE8086700A8106C /* Debug */ = {
			isa = XCBuildConfiguration;
			buildSettings = {
				ALWAYS_SEARCH_USER_PATHS = NO;
				CLANG_ANALYZER_NONNULL = YES;
				CLANG_ANALYZER_NUMBER_OBJECT_CONVERSION = YES_AGGRESSIVE;
				CLANG_CXX_LANGUAGE_STANDARD = "gnu++14";
				CLANG_CXX_LIBRARY = "libc++";
				CLANG_ENABLE_MODULES = YES;
				CLANG_ENABLE_OBJC_ARC = YES;
				CLANG_WARN_BLOCK_CAPTURE_AUTORELEASING = YES;
				CLANG_WARN_BOOL_CONVERSION = YES;
				CLANG_WARN_COMMA = YES;
				CLANG_WARN_CONSTANT_CONVERSION = YES;
				CLANG_WARN_DIRECT_OBJC_ISA_USAGE = YES_ERROR;
				CLANG_WARN_DOCUMENTATION_COMMENTS = YES;
				CLANG_WARN_EMPTY_BODY = YES;
				CLANG_WARN_ENUM_CONVERSION = YES;
				CLANG_WARN_INFINITE_RECURSION = YES;
				CLANG_WARN_INT_CONVERSION = YES;
				CLANG_WARN_NON_LITERAL_NULL_CONVERSION = YES;
				CLANG_WARN_OBJC_LITERAL_CONVERSION = YES;
				CLANG_WARN_OBJC_ROOT_CLASS = YES_ERROR;
				CLANG_WARN_RANGE_LOOP_ANALYSIS = YES;
				CLANG_WARN_STRICT_PROTOTYPES = YES;
				CLANG_WARN_SUSPICIOUS_MOVE = YES;
				CLANG_WARN_UNGUARDED_AVAILABILITY = YES_AGGRESSIVE;
				CLANG_WARN_UNREACHABLE_CODE = YES;
				CLANG_WARN__DUPLICATE_METHOD_MATCH = YES;
				CODE_SIGN_IDENTITY = "iPhone Developer";
				COPY_PHASE_STRIP = NO;
				DEBUG_INFORMATION_FORMAT = dwarf;
				ENABLE_STRICT_OBJC_MSGSEND = YES;
				ENABLE_TESTABILITY = YES;
				GCC_C_LANGUAGE_STANDARD = gnu11;
				GCC_DYNAMIC_NO_PIC = NO;
				GCC_NO_COMMON_BLOCKS = YES;
				GCC_OPTIMIZATION_LEVEL = 0;
				GCC_PREPROCESSOR_DEFINITIONS = (
					"DEBUG=1",
					"$(inherited)",
				);
				GCC_WARN_64_TO_32_BIT_CONVERSION = YES;
				GCC_WARN_ABOUT_RETURN_TYPE = YES_ERROR;
				GCC_WARN_UNDECLARED_SELECTOR = YES;
				GCC_WARN_UNINITIALIZED_AUTOS = YES_AGGRESSIVE;
				GCC_WARN_UNUSED_FUNCTION = YES;
				GCC_WARN_UNUSED_VARIABLE = YES;
				IPHONEOS_DEPLOYMENT_TARGET = 11.0;
				MTL_ENABLE_DEBUG_INFO = YES;
				ONLY_ACTIVE_ARCH = YES;
				SDKROOT = iphoneos;
				SWIFT_ACTIVE_COMPILATION_CONDITIONS = DEBUG;
				SWIFT_OPTIMIZATION_LEVEL = "-Onone";
			};
			name = Debug;
		};
		D70D99AA1FE8086700A8106C /* Release */ = {
			isa = XCBuildConfiguration;
			buildSettings = {
				ALWAYS_SEARCH_USER_PATHS = NO;
				CLANG_ANALYZER_NONNULL = YES;
				CLANG_ANALYZER_NUMBER_OBJECT_CONVERSION = YES_AGGRESSIVE;
				CLANG_CXX_LANGUAGE_STANDARD = "gnu++14";
				CLANG_CXX_LIBRARY = "libc++";
				CLANG_ENABLE_MODULES = YES;
				CLANG_ENABLE_OBJC_ARC = YES;
				CLANG_WARN_BLOCK_CAPTURE_AUTORELEASING = YES;
				CLANG_WARN_BOOL_CONVERSION = YES;
				CLANG_WARN_COMMA = YES;
				CLANG_WARN_CONSTANT_CONVERSION = YES;
				CLANG_WARN_DIRECT_OBJC_ISA_USAGE = YES_ERROR;
				CLANG_WARN_DOCUMENTATION_COMMENTS = YES;
				CLANG_WARN_EMPTY_BODY = YES;
				CLANG_WARN_ENUM_CONVERSION = YES;
				CLANG_WARN_INFINITE_RECURSION = YES;
				CLANG_WARN_INT_CONVERSION = YES;
				CLANG_WARN_NON_LITERAL_NULL_CONVERSION = YES;
				CLANG_WARN_OBJC_LITERAL_CONVERSION = YES;
				CLANG_WARN_OBJC_ROOT_CLASS = YES_ERROR;
				CLANG_WARN_RANGE_LOOP_ANALYSIS = YES;
				CLANG_WARN_STRICT_PROTOTYPES = YES;
				CLANG_WARN_SUSPICIOUS_MOVE = YES;
				CLANG_WARN_UNGUARDED_AVAILABILITY = YES_AGGRESSIVE;
				CLANG_WARN_UNREACHABLE_CODE = YES;
				CLANG_WARN__DUPLICATE_METHOD_MATCH = YES;
				CODE_SIGN_IDENTITY = "iPhone Developer";
				COPY_PHASE_STRIP = NO;
				DEBUG_INFORMATION_FORMAT = "dwarf-with-dsym";
				ENABLE_NS_ASSERTIONS = NO;
				ENABLE_STRICT_OBJC_MSGSEND = YES;
				GCC_C_LANGUAGE_STANDARD = gnu11;
				GCC_NO_COMMON_BLOCKS = YES;
				GCC_WARN_64_TO_32_BIT_CONVERSION = YES;
				GCC_WARN_ABOUT_RETURN_TYPE = YES_ERROR;
				GCC_WARN_UNDECLARED_SELECTOR = YES;
				GCC_WARN_UNINITIALIZED_AUTOS = YES_AGGRESSIVE;
				GCC_WARN_UNUSED_FUNCTION = YES;
				GCC_WARN_UNUSED_VARIABLE = YES;
				IPHONEOS_DEPLOYMENT_TARGET = 11.0;
				MTL_ENABLE_DEBUG_INFO = NO;
				SDKROOT = iphoneos;
				SWIFT_OPTIMIZATION_LEVEL = "-Owholemodule";
				VALIDATE_PRODUCT = YES;
			};
			name = Release;
		};
		D70D99AC1FE8086700A8106C /* Debug */ = {
			isa = XCBuildConfiguration;
			baseConfigurationReference = 1677BEA51ADF5B3097CC6877 /* Pods-captain kids.debug.xcconfig */;
			buildSettings = {
				ASSETCATALOG_COMPILER_APPICON_NAME = AppIcon;
				CODE_SIGN_STYLE = Automatic;
				DEVELOPMENT_TEAM = LPN3986YFH;
				INFOPLIST_FILE = "captain kids/Info.plist";
				LD_RUNPATH_SEARCH_PATHS = "$(inherited) @executable_path/Frameworks";
				PRODUCT_BUNDLE_IDENTIFIER = "fr.cs.captain-kids";
				PRODUCT_NAME = "$(TARGET_NAME)";
				SWIFT_VERSION = 4.0;
				TARGETED_DEVICE_FAMILY = "1,2";
			};
			name = Debug;
		};
		D70D99AD1FE8086700A8106C /* Release */ = {
			isa = XCBuildConfiguration;
			baseConfigurationReference = CB55536F98855C33F3E41D18 /* Pods-captain kids.release.xcconfig */;
			buildSettings = {
				ASSETCATALOG_COMPILER_APPICON_NAME = AppIcon;
				CODE_SIGN_STYLE = Automatic;
				DEVELOPMENT_TEAM = LPN3986YFH;
				INFOPLIST_FILE = "captain kids/Info.plist";
				LD_RUNPATH_SEARCH_PATHS = "$(inherited) @executable_path/Frameworks";
				PRODUCT_BUNDLE_IDENTIFIER = "fr.cs.captain-kids";
				PRODUCT_NAME = "$(TARGET_NAME)";
				SWIFT_VERSION = 4.0;
				TARGETED_DEVICE_FAMILY = "1,2";
			};
			name = Release;
		};
/* End XCBuildConfiguration section */

/* Begin XCConfigurationList section */
		D70D99941FE8086700A8106C /* Build configuration list for PBXProject "captain kids" */ = {
			isa = XCConfigurationList;
			buildConfigurations = (
				D70D99A91FE8086700A8106C /* Debug */,
				D70D99AA1FE8086700A8106C /* Release */,
			);
			defaultConfigurationIsVisible = 0;
			defaultConfigurationName = Release;
		};
		D70D99AB1FE8086700A8106C /* Build configuration list for PBXNativeTarget "captain kids" */ = {
			isa = XCConfigurationList;
			buildConfigurations = (
				D70D99AC1FE8086700A8106C /* Debug */,
				D70D99AD1FE8086700A8106C /* Release */,
			);
			defaultConfigurationIsVisible = 0;
			defaultConfigurationName = Release;
		};
/* End XCConfigurationList section */
	};
	rootObject = D70D99911FE8086700A8106C /* Project object */;
}
